version = 1
revision = 3
requires-python = ">=3.14"

[[package]]
name = "clash-rs-tests"
version = "0.1.0"
source = { virtual = "." }
dependencies = [
    { name = "socks-client" },
]

[package.metadata]
requires-dist = [{ name = "socks-client" }]

[[package]]
name = "socks-client"
version = "2.0.1"
source = { registry = "https://pypi.org/simple" }
sdist = { url = "https://files.pythonhosted.org/packages/28/06/f14442b293b1bafa04dc41ce8686b6359b3b42a6da335605962e2367dbe7/socks-client-2.0.1.tar.gz", hash = "sha256:8b114d8d67377b12edb68e4390a791667cc5384944a31f6da3a1c5fa7754fbf1", size = 16179, upload-time = "2023-12-31T11:57:01.755Z" }
